# THIS IS AN AUTOGENERATED FILE. DO NOT EDIT THIS FILE DIRECTLY.
# yarn lockfile v1


nan@^2.14.0:
  version "2.14.0"
  resolved "https://registry.npm.taobao.org/nan/download/nan-2.14.0.tgz#7818f722027b2459a86f0295d434d1fc2336c52c"
  integrity sha1-eBj3IgJ7JFmobwKV1DTR/CM2xSw=

"native-watchdog@https://github.com/ljsabc/node-native-watchdog.git":
  version "1.0.0"
  resolved "https://github.com/ljsabc/node-native-watchdog.git#901b8665e099dc41f71b8b3e472e0b9e4a9cc297"

typescript@3.5.2:
  version "3.5.2"
  resolved "https://registry.yarnpkg.com/typescript/-/typescript-3.5.2.tgz#a09e1dc69bc9551cadf17dba10ee42cf55e5d56c"
  integrity sha512-7KxJovlYhTX5RaRbUdkAXN1KUZ8PwWlTzQdHV6xNqvuFOs7+WBo10TQUqT19Q/Jz2hk5v9TQDIhyLhhJY4p5AA==

"vscode-sqlite3@https://github.com/ljsabc/vscode-sqlite3.git":
  version "4.0.9"
  resolved "https://github.com/ljsabc/vscode-sqlite3.git#0120cd82d8542a28f5235f2d8c8a87fd09476af4"
  dependencies:
    nan "^2.14.0"
